// !$*UTF8*$!
{
	archiveVersion = 1;
	classes = {
	};
	objectVersion = 48;
	objects = {

/* Begin PBXBuildFile section */
		4E0FEC832002BE71008130ED /* ModifyPointsViewController.swift in Sources */ = {isa = PBXBuildFile; fileRef = 4E0FEC822002BE71008130ED /* ModifyPointsViewController.swift */; };
		4E0FEC8720040DDC008130ED /* ModifyPointsItemCell.swift in Sources */ = {isa = PBXBuildFile; fileRef = 4E0FEC8620040DDC008130ED /* ModifyPointsItemCell.swift */; };
		4E4A3C9D209F8F9A001C3549 /* GameSectionHeader.swift in Sources */ = {isa = PBXBuildFile; fileRef = 4E4A3C9C209F8F9A001C3549 /* GameSectionHeader.swift */; };
		4E545E0E1FFDB0FB00C35BCE /* GameItemCell.swift in Sources */ = {isa = PBXBuildFile; fileRef = 4E545E0D1FFDB0FB00C35BCE /* GameItemCell.swift */; };
		4E5CE10F1FFDFF2300AF889C /* GameLayout.swift in Sources */ = {isa = PBXBuildFile; fileRef = 4E5CE10E1FFDFF2300AF889C /* GameLayout.swift */; };
		4E723B212065618600877973 /* Game+CoreDataProperties.swift in Sources */ = {isa = PBXBuildFile; fileRef = 4E723B202065618600877973 /* Game+CoreDataProperties.swift */; };
		4E756E711FF83A7A00B9B37B /* AppDelegate.swift in Sources */ = {isa = PBXBuildFile; fileRef = 4E756E701FF83A7A00B9B37B /* AppDelegate.swift */; };
		4E756E761FF83A7A00B9B37B /* Main.storyboard in Resources */ = {isa = PBXBuildFile; fileRef = 4E756E741FF83A7A00B9B37B /* Main.storyboard */; };
		4E756E791FF83A7A00B9B37B /* ScoreBoard.xcdatamodeld in Sources */ = {isa = PBXBuildFile; fileRef = 4E756E771FF83A7A00B9B37B /* ScoreBoard.xcdatamodeld */; };
		4E756E7B1FF83A7A00B9B37B /* Assets.xcassets in Resources */ = {isa = PBXBuildFile; fileRef = 4E756E7A1FF83A7A00B9B37B /* Assets.xcassets */; };
		4E756E7E1FF83A7A00B9B37B /* LaunchScreen.storyboard in Resources */ = {isa = PBXBuildFile; fileRef = 4E756E7C1FF83A7A00B9B37B /* LaunchScreen.storyboard */; };
		4E756E891FF83A7A00B9B37B /* ScoreBoardTests.swift in Sources */ = {isa = PBXBuildFile; fileRef = 4E756E881FF83A7A00B9B37B /* ScoreBoardTests.swift */; };
		4E756E941FF83A7A00B9B37B /* ScoreBoardUITests.swift in Sources */ = {isa = PBXBuildFile; fileRef = 4E756E931FF83A7A00B9B37B /* ScoreBoardUITests.swift */; };
		4E756EA21FF83B3700B9B37B /* GameListViewController.swift in Sources */ = {isa = PBXBuildFile; fileRef = 4E756EA11FF83B3700B9B37B /* GameListViewController.swift */; };
		4E756EAB1FF8644B00B9B37B /* GameListTableViewCell.swift in Sources */ = {isa = PBXBuildFile; fileRef = 4E756EAA1FF8644B00B9B37B /* GameListTableViewCell.swift */; };
		4E9BD5051FFC461400563C58 /* GameViewController.swift in Sources */ = {isa = PBXBuildFile; fileRef = 4E9BD5041FFC461400563C58 /* GameViewController.swift */; };
		4ED1A7E51FF8A5230010CA4E /* Game+CoreDataClass.swift in Sources */ = {isa = PBXBuildFile; fileRef = 4ED1A7E31FF8A5230010CA4E /* Game+CoreDataClass.swift */; };
		4ED1A7E91FF8A5490010CA4E /* Player+CoreDataClass.swift in Sources */ = {isa = PBXBuildFile; fileRef = 4ED1A7E71FF8A5490010CA4E /* Player+CoreDataClass.swift */; };
		4ED1A7EA1FF8A5490010CA4E /* Player+CoreDataProperties.swift in Sources */ = {isa = PBXBuildFile; fileRef = 4ED1A7E81FF8A5490010CA4E /* Player+CoreDataProperties.swift */; };
		4ED1A7F11FF9AA8C0010CA4E /* NotificationStuff.swift in Sources */ = {isa = PBXBuildFile; fileRef = 4ED1A7F01FF9AA8C0010CA4E /* NotificationStuff.swift */; };
		4ED1A7F51FF9B3C90010CA4E /* GameService.swift in Sources */ = {isa = PBXBuildFile; fileRef = 4ED1A7F41FF9B3C90010CA4E /* GameService.swift */; };
		4ED1A7F91FFACE7B0010CA4E /* CreateGameViewController.swift in Sources */ = {isa = PBXBuildFile; fileRef = 4ED1A7F81FFACE7B0010CA4E /* CreateGameViewController.swift */; };
		4ED1A7FB1FFB74F70010CA4E /* EditPlayersTableViewCell.swift in Sources */ = {isa = PBXBuildFile; fileRef = 4ED1A7FA1FFB74F70010CA4E /* EditPlayersTableViewCell.swift */; };
		4EF5CA2320049D3400416E20 /* Constants.swift in Sources */ = {isa = PBXBuildFile; fileRef = 4EF5CA2220049D3400416E20 /* Constants.swift */; };
		4EF5CA2A20059F2F00416E20 /* GameWinnerView.swift in Sources */ = {isa = PBXBuildFile; fileRef = 4EF5CA2920059F2F00416E20 /* GameWinnerView.swift */; };
		4EF890E01FFEED5800E42E36 /* GameTotalScoreCell.swift in Sources */ = {isa = PBXBuildFile; fileRef = 4EF890DF1FFEED5800E42E36 /* GameTotalScoreCell.swift */; };
		4EFB93DC201551FF000FEBC7 /* FireworkParticle.sks in Resources */ = {isa = PBXBuildFile; fileRef = 4EFB93DB201551FF000FEBC7 /* FireworkParticle.sks */; };
		4EFF5C922000357A007AFD3F /* GameAddPointsCell.swift in Sources */ = {isa = PBXBuildFile; fileRef = 4EFF5C912000357A007AFD3F /* GameAddPointsCell.swift */; };
/* End PBXBuildFile section */

/* Begin PBXContainerItemProxy section */
		4E756E851FF83A7A00B9B37B /* PBXContainerItemProxy */ = {
			isa = PBXContainerItemProxy;
			containerPortal = 4E756E651FF83A7A00B9B37B /* Project object */;
			proxyType = 1;
			remoteGlobalIDString = 4E756E6C1FF83A7A00B9B37B;
			remoteInfo = ScoreBoard;
		};
		4E756E901FF83A7A00B9B37B /* PBXContainerItemProxy */ = {
			isa = PBXContainerItemProxy;
			containerPortal = 4E756E651FF83A7A00B9B37B /* Project object */;
			proxyType = 1;
			remoteGlobalIDString = 4E756E6C1FF83A7A00B9B37B;
			remoteInfo = ScoreBoard;
		};
/* End PBXContainerItemProxy section */

/* Begin PBXFileReference section */
		4E0FEC822002BE71008130ED /* ModifyPointsViewController.swift */ = {isa = PBXFileReference; lastKnownFileType = sourcecode.swift; path = ModifyPointsViewController.swift; sourceTree = "<group>"; };
		4E0FEC8620040DDC008130ED /* ModifyPointsItemCell.swift */ = {isa = PBXFileReference; lastKnownFileType = sourcecode.swift; path = ModifyPointsItemCell.swift; sourceTree = "<group>"; };
		4E4A3C9C209F8F9A001C3549 /* GameSectionHeader.swift */ = {isa = PBXFileReference; lastKnownFileType = sourcecode.swift; path = GameSectionHeader.swift; sourceTree = "<group>"; };
		4E545E0D1FFDB0FB00C35BCE /* GameItemCell.swift */ = {isa = PBXFileReference; lastKnownFileType = sourcecode.swift; path = GameItemCell.swift; sourceTree = "<group>"; };
		4E5CE10E1FFDFF2300AF889C /* GameLayout.swift */ = {isa = PBXFileReference; lastKnownFileType = sourcecode.swift; path = GameLayout.swift; sourceTree = "<group>"; };
		4E723B202065618600877973 /* Game+CoreDataProperties.swift */ = {isa = PBXFileReference; lastKnownFileType = sourcecode.swift; path = "Game+CoreDataProperties.swift"; sourceTree = "<group>"; };
		4E756E6D1FF83A7A00B9B37B /* ScoreBoard.app */ = {isa = PBXFileReference; explicitFileType = wrapper.application; includeInIndex = 0; path = ScoreBoard.app; sourceTree = BUILT_PRODUCTS_DIR; };
		4E756E701FF83A7A00B9B37B /* AppDelegate.swift */ = {isa = PBXFileReference; lastKnownFileType = sourcecode.swift; path = AppDelegate.swift; sourceTree = "<group>"; };
		4E756E751FF83A7A00B9B37B /* Base */ = {isa = PBXFileReference; lastKnownFileType = file.storyboard; name = Base; path = Base.lproj/Main.storyboard; sourceTree = "<group>"; };
		4E756E781FF83A7A00B9B37B /* ScoreBoard.xcdatamodel */ = {isa = PBXFileReference; lastKnownFileType = wrapper.xcdatamodel; path = ScoreBoard.xcdatamodel; sourceTree = "<group>"; };
		4E756E7A1FF83A7A00B9B37B /* Assets.xcassets */ = {isa = PBXFileReference; lastKnownFileType = folder.assetcatalog; path = Assets.xcassets; sourceTree = "<group>"; };
		4E756E7D1FF83A7A00B9B37B /* Base */ = {isa = PBXFileReference; lastKnownFileType = file.storyboard; name = Base; path = Base.lproj/LaunchScreen.storyboard; sourceTree = "<group>"; };
		4E756E7F1FF83A7A00B9B37B /* Info.plist */ = {isa = PBXFileReference; lastKnownFileType = text.plist.xml; path = Info.plist; sourceTree = "<group>"; };
		4E756E841FF83A7A00B9B37B /* ScoreBoardTests.xctest */ = {isa = PBXFileReference; explicitFileType = wrapper.cfbundle; includeInIndex = 0; path = ScoreBoardTests.xctest; sourceTree = BUILT_PRODUCTS_DIR; };
		4E756E881FF83A7A00B9B37B /* ScoreBoardTests.swift */ = {isa = PBXFileReference; lastKnownFileType = sourcecode.swift; path = ScoreBoardTests.swift; sourceTree = "<group>"; };
		4E756E8A1FF83A7A00B9B37B /* Info.plist */ = {isa = PBXFileReference; lastKnownFileType = text.plist.xml; path = Info.plist; sourceTree = "<group>"; };
		4E756E8F1FF83A7A00B9B37B /* ScoreBoardUITests.xctest */ = {isa = PBXFileReference; explicitFileType = wrapper.cfbundle; includeInIndex = 0; path = ScoreBoardUITests.xctest; sourceTree = BUILT_PRODUCTS_DIR; };
		4E756E931FF83A7A00B9B37B /* ScoreBoardUITests.swift */ = {isa = PBXFileReference; lastKnownFileType = sourcecode.swift; path = ScoreBoardUITests.swift; sourceTree = "<group>"; };
		4E756E951FF83A7A00B9B37B /* Info.plist */ = {isa = PBXFileReference; lastKnownFileType = text.plist.xml; path = Info.plist; sourceTree = "<group>"; };
		4E756EA11FF83B3700B9B37B /* GameListViewController.swift */ = {isa = PBXFileReference; lastKnownFileType = sourcecode.swift; path = GameListViewController.swift; sourceTree = "<group>"; };
		4E756EAA1FF8644B00B9B37B /* GameListTableViewCell.swift */ = {isa = PBXFileReference; lastKnownFileType = sourcecode.swift; path = GameListTableViewCell.swift; sourceTree = "<group>"; };
		4E9BD5041FFC461400563C58 /* GameViewController.swift */ = {isa = PBXFileReference; lastKnownFileType = sourcecode.swift; path = GameViewController.swift; sourceTree = "<group>"; };
		4ED1A7E31FF8A5230010CA4E /* Game+CoreDataClass.swift */ = {isa = PBXFileReference; lastKnownFileType = sourcecode.swift; path = "Game+CoreDataClass.swift"; sourceTree = "<group>"; };
		4ED1A7E71FF8A5490010CA4E /* Player+CoreDataClass.swift */ = {isa = PBXFileReference; lastKnownFileType = sourcecode.swift; path = "Player+CoreDataClass.swift"; sourceTree = "<group>"; };
		4ED1A7E81FF8A5490010CA4E /* Player+CoreDataProperties.swift */ = {isa = PBXFileReference; lastKnownFileType = sourcecode.swift; path = "Player+CoreDataProperties.swift"; sourceTree = "<group>"; };
		4ED1A7F01FF9AA8C0010CA4E /* NotificationStuff.swift */ = {isa = PBXFileReference; lastKnownFileType = sourcecode.swift; path = NotificationStuff.swift; sourceTree = "<group>"; };
		4ED1A7F41FF9B3C90010CA4E /* GameService.swift */ = {isa = PBXFileReference; lastKnownFileType = sourcecode.swift; path = GameService.swift; sourceTree = "<group>"; };
		4ED1A7F81FFACE7B0010CA4E /* CreateGameViewController.swift */ = {isa = PBXFileReference; lastKnownFileType = sourcecode.swift; path = CreateGameViewController.swift; sourceTree = "<group>"; };
		4ED1A7FA1FFB74F70010CA4E /* EditPlayersTableViewCell.swift */ = {isa = PBXFileReference; lastKnownFileType = sourcecode.swift; path = EditPlayersTableViewCell.swift; sourceTree = "<group>"; };
		4EF5CA2220049D3400416E20 /* Constants.swift */ = {isa = PBXFileReference; lastKnownFileType = sourcecode.swift; path = Constants.swift; sourceTree = "<group>"; };
		4EF5CA2920059F2F00416E20 /* GameWinnerView.swift */ = {isa = PBXFileReference; lastKnownFileType = sourcecode.swift; path = GameWinnerView.swift; sourceTree = "<group>"; };
		4EF890DF1FFEED5800E42E36 /* GameTotalScoreCell.swift */ = {isa = PBXFileReference; lastKnownFileType = sourcecode.swift; path = GameTotalScoreCell.swift; sourceTree = "<group>"; };
		4EFB93DB201551FF000FEBC7 /* FireworkParticle.sks */ = {isa = PBXFileReference; lastKnownFileType = file.sks; path = FireworkParticle.sks; sourceTree = "<group>"; };
		4EFF5C912000357A007AFD3F /* GameAddPointsCell.swift */ = {isa = PBXFileReference; lastKnownFileType = sourcecode.swift; path = GameAddPointsCell.swift; sourceTree = "<group>"; };
/* End PBXFileReference section */

/* Begin PBXFrameworksBuildPhase section */
		4E756E6A1FF83A7A00B9B37B /* Frameworks */ = {
			isa = PBXFrameworksBuildPhase;
			buildActionMask = 2147483647;
			files = (
			);
			runOnlyForDeploymentPostprocessing = 0;
		};
		4E756E811FF83A7A00B9B37B /* Frameworks */ = {
			isa = PBXFrameworksBuildPhase;
			buildActionMask = 2147483647;
			files = (
			);
			runOnlyForDeploymentPostprocessing = 0;
		};
		4E756E8C1FF83A7A00B9B37B /* Frameworks */ = {
			isa = PBXFrameworksBuildPhase;
			buildActionMask = 2147483647;
			files = (
			);
			runOnlyForDeploymentPostprocessing = 0;
		};
/* End PBXFrameworksBuildPhase section */

/* Begin PBXGroup section */
		4E5CE10D1FFDFEF600AF889C /* Layouts */ = {
			isa = PBXGroup;
			children = (
				4E5CE10E1FFDFF2300AF889C /* GameLayout.swift */,
			);
			path = Layouts;
			sourceTree = "<group>";
		};
		4E756E641FF83A7A00B9B37B = {
			isa = PBXGroup;
			children = (
				4E756E6F1FF83A7A00B9B37B /* ScoreBoard */,
				4E756E871FF83A7A00B9B37B /* ScoreBoardTests */,
				4E756E921FF83A7A00B9B37B /* ScoreBoardUITests */,
				4E756E6E1FF83A7A00B9B37B /* Products */,
			);
			sourceTree = "<group>";
		};
		4E756E6E1FF83A7A00B9B37B /* Products */ = {
			isa = PBXGroup;
			children = (
				4E756E6D1FF83A7A00B9B37B /* ScoreBoard.app */,
				4E756E841FF83A7A00B9B37B /* ScoreBoardTests.xctest */,
				4E756E8F1FF83A7A00B9B37B /* ScoreBoardUITests.xctest */,
			);
			name = Products;
			sourceTree = "<group>";
		};
		4E756E6F1FF83A7A00B9B37B /* ScoreBoard */ = {
			isa = PBXGroup;
			children = (
				4E756E701FF83A7A00B9B37B /* AppDelegate.swift */,
				4EF5CA2220049D3400416E20 /* Constants.swift */,
				4E756EA61FF83C3F00B9B37B /* Controllers */,
				4E756EA31FF83B6C00B9B37B /* Interface Builder */,
				4E5CE10D1FFDFEF600AF889C /* Layouts */,
				4ED1A7F01FF9AA8C0010CA4E /* NotificationStuff.swift */,
				4ED1A7ED1FF8B0350010CA4E /* Persistence */,
				4E756EA41FF83BA700B9B37B /* Resources */,
				4E756EA91FF863EC00B9B37B /* Views */,
			);
			path = ScoreBoard;
			sourceTree = "<group>";
		};
		4E756E871FF83A7A00B9B37B /* ScoreBoardTests */ = {
			isa = PBXGroup;
			children = (
				4E756E881FF83A7A00B9B37B /* ScoreBoardTests.swift */,
				4E756E8A1FF83A7A00B9B37B /* Info.plist */,
			);
			path = ScoreBoardTests;
			sourceTree = "<group>";
		};
		4E756E921FF83A7A00B9B37B /* ScoreBoardUITests */ = {
			isa = PBXGroup;
			children = (
				4E756E931FF83A7A00B9B37B /* ScoreBoardUITests.swift */,
				4E756E951FF83A7A00B9B37B /* Info.plist */,
			);
			path = ScoreBoardUITests;
			sourceTree = "<group>";
		};
		4E756EA31FF83B6C00B9B37B /* Interface Builder */ = {
			isa = PBXGroup;
			children = (
				4E756E7C1FF83A7A00B9B37B /* LaunchScreen.storyboard */,
				4E756E741FF83A7A00B9B37B /* Main.storyboard */,
			);
			path = "Interface Builder";
			sourceTree = "<group>";
		};
		4E756EA41FF83BA700B9B37B /* Resources */ = {
			isa = PBXGroup;
			children = (
				4E756E7F1FF83A7A00B9B37B /* Info.plist */,
				4E756E7A1FF83A7A00B9B37B /* Assets.xcassets */,
				4EFB93DB201551FF000FEBC7 /* FireworkParticle.sks */,
			);
			path = Resources;
			sourceTree = "<group>";
		};
		4E756EA61FF83C3F00B9B37B /* Controllers */ = {
			isa = PBXGroup;
			children = (
				4E756EA11FF83B3700B9B37B /* GameListViewController.swift */,
				4E9BD5041FFC461400563C58 /* GameViewController.swift */,
				4ED1A7F81FFACE7B0010CA4E /* CreateGameViewController.swift */,
				4E0FEC822002BE71008130ED /* ModifyPointsViewController.swift */,
			);
			path = Controllers;
			sourceTree = "<group>";
		};
		4E756EA91FF863EC00B9B37B /* Views */ = {
			isa = PBXGroup;
			children = (
				4ED1A7FA1FFB74F70010CA4E /* EditPlayersTableViewCell.swift */,
				4EFF5C912000357A007AFD3F /* GameAddPointsCell.swift */,
				4E545E0D1FFDB0FB00C35BCE /* GameItemCell.swift */,
				4E756EAA1FF8644B00B9B37B /* GameListTableViewCell.swift */,
				4E4A3C9C209F8F9A001C3549 /* GameSectionHeader.swift */,
				4EF890DF1FFEED5800E42E36 /* GameTotalScoreCell.swift */,
				4EF5CA2920059F2F00416E20 /* GameWinnerView.swift */,
				4E0FEC8620040DDC008130ED /* ModifyPointsItemCell.swift */,
			);
			path = Views;
			sourceTree = "<group>";
		};
		4ED1A7ED1FF8B0350010CA4E /* Persistence */ = {
			isa = PBXGroup;
			children = (
				4ED1A7E31FF8A5230010CA4E /* Game+CoreDataClass.swift */,
				4E723B202065618600877973 /* Game+CoreDataProperties.swift */,
				4ED1A7F41FF9B3C90010CA4E /* GameService.swift */,
				4ED1A7E71FF8A5490010CA4E /* Player+CoreDataClass.swift */,
				4ED1A7E81FF8A5490010CA4E /* Player+CoreDataProperties.swift */,
				4E756E771FF83A7A00B9B37B /* ScoreBoard.xcdatamodeld */,
			);
			path = Persistence;
			sourceTree = "<group>";
		};
/* End PBXGroup section */

/* Begin PBXNativeTarget section */
		4E756E6C1FF83A7A00B9B37B /* ScoreBoard */ = {
			isa = PBXNativeTarget;
			buildConfigurationList = 4E756E981FF83A7A00B9B37B /* Build configuration list for PBXNativeTarget "ScoreBoard" */;
			buildPhases = (
				4E756E691FF83A7A00B9B37B /* Sources */,
				4E756E6A1FF83A7A00B9B37B /* Frameworks */,
				4E756E6B1FF83A7A00B9B37B /* Resources */,
			);
			buildRules = (
			);
			dependencies = (
			);
			name = ScoreBoard;
			productName = ScoreBoard;
			productReference = 4E756E6D1FF83A7A00B9B37B /* ScoreBoard.app */;
			productType = "com.apple.product-type.application";
		};
		4E756E831FF83A7A00B9B37B /* ScoreBoardTests */ = {
			isa = PBXNativeTarget;
			buildConfigurationList = 4E756E9B1FF83A7A00B9B37B /* Build configuration list for PBXNativeTarget "ScoreBoardTests" */;
			buildPhases = (
				4E756E801FF83A7A00B9B37B /* Sources */,
				4E756E811FF83A7A00B9B37B /* Frameworks */,
				4E756E821FF83A7A00B9B37B /* Resources */,
			);
			buildRules = (
			);
			dependencies = (
				4E756E861FF83A7A00B9B37B /* PBXTargetDependency */,
			);
			name = ScoreBoardTests;
			productName = ScoreBoardTests;
			productReference = 4E756E841FF83A7A00B9B37B /* ScoreBoardTests.xctest */;
			productType = "com.apple.product-type.bundle.unit-test";
		};
		4E756E8E1FF83A7A00B9B37B /* ScoreBoardUITests */ = {
			isa = PBXNativeTarget;
			buildConfigurationList = 4E756E9E1FF83A7A00B9B37B /* Build configuration list for PBXNativeTarget "ScoreBoardUITests" */;
			buildPhases = (
				4E756E8B1FF83A7A00B9B37B /* Sources */,
				4E756E8C1FF83A7A00B9B37B /* Frameworks */,
				4E756E8D1FF83A7A00B9B37B /* Resources */,
			);
			buildRules = (
			);
			dependencies = (
				4E756E911FF83A7A00B9B37B /* PBXTargetDependency */,
			);
			name = ScoreBoardUITests;
			productName = ScoreBoardUITests;
			productReference = 4E756E8F1FF83A7A00B9B37B /* ScoreBoardUITests.xctest */;
			productType = "com.apple.product-type.bundle.ui-testing";
		};
/* End PBXNativeTarget section */

/* Begin PBXProject section */
		4E756E651FF83A7A00B9B37B /* Project object */ = {
			isa = PBXProject;
			attributes = {
				LastSwiftUpdateCheck = 0920;
				LastUpgradeCheck = 0920;
				ORGANIZATIONNAME = "Gouda Labs";
				TargetAttributes = {
					4E756E6C1FF83A7A00B9B37B = {
						CreatedOnToolsVersion = 9.2;
						ProvisioningStyle = Automatic;
					};
					4E756E831FF83A7A00B9B37B = {
						CreatedOnToolsVersion = 9.2;
						ProvisioningStyle = Automatic;
						TestTargetID = 4E756E6C1FF83A7A00B9B37B;
					};
					4E756E8E1FF83A7A00B9B37B = {
						CreatedOnToolsVersion = 9.2;
						ProvisioningStyle = Automatic;
						TestTargetID = 4E756E6C1FF83A7A00B9B37B;
					};
				};
			};
			buildConfigurationList = 4E756E681FF83A7A00B9B37B /* Build configuration list for PBXProject "ScoreBoard" */;
			compatibilityVersion = "Xcode 8.0";
			developmentRegion = en;
			hasScannedForEncodings = 0;
			knownRegions = (
				en,
				Base,
			);
			mainGroup = 4E756E641FF83A7A00B9B37B;
			productRefGroup = 4E756E6E1FF83A7A00B9B37B /* Products */;
			projectDirPath = "";
			projectRoot = "";
			targets = (
				4E756E6C1FF83A7A00B9B37B /* ScoreBoard */,
				4E756E831FF83A7A00B9B37B /* ScoreBoardTests */,
				4E756E8E1FF83A7A00B9B37B /* ScoreBoardUITests */,
			);
		};
/* End PBXProject section */

/* Begin PBXResourcesBuildPhase section */
		4E756E6B1FF83A7A00B9B37B /* Resources */ = {
			isa = PBXResourcesBuildPhase;
			buildActionMask = 2147483647;
			files = (
				4EFB93DC201551FF000FEBC7 /* FireworkParticle.sks in Resources */,
				4E756E7E1FF83A7A00B9B37B /* LaunchScreen.storyboard in Resources */,
				4E756E7B1FF83A7A00B9B37B /* Assets.xcassets in Resources */,
				4E756E761FF83A7A00B9B37B /* Main.storyboard in Resources */,
			);
			runOnlyForDeploymentPostprocessing = 0;
		};
		4E756E821FF83A7A00B9B37B /* Resources */ = {
			isa = PBXResourcesBuildPhase;
			buildActionMask = 2147483647;
			files = (
			);
			runOnlyForDeploymentPostprocessing = 0;
		};
		4E756E8D1FF83A7A00B9B37B /* Resources */ = {
			isa = PBXResourcesBuildPhase;
			buildActionMask = 2147483647;
			files = (
			);
			runOnlyForDeploymentPostprocessing = 0;
		};
/* End PBXResourcesBuildPhase section */

/* Begin PBXSourcesBuildPhase section */
		4E756E691FF83A7A00B9B37B /* Sources */ = {
			isa = PBXSourcesBuildPhase;
			buildActionMask = 2147483647;
			files = (
				4EF5CA2A20059F2F00416E20 /* GameWinnerView.swift in Sources */,
				4E545E0E1FFDB0FB00C35BCE /* GameItemCell.swift in Sources */,
				4ED1A7F91FFACE7B0010CA4E /* CreateGameViewController.swift in Sources */,
				4ED1A7F11FF9AA8C0010CA4E /* NotificationStuff.swift in Sources */,
				4E9BD5051FFC461400563C58 /* GameViewController.swift in Sources */,
				4E756EA21FF83B3700B9B37B /* GameListViewController.swift in Sources */,
				4EF5CA2320049D3400416E20 /* Constants.swift in Sources */,
				4E0FEC832002BE71008130ED /* ModifyPointsViewController.swift in Sources */,
				4ED1A7F51FF9B3C90010CA4E /* GameService.swift in Sources */,
				4E0FEC8720040DDC008130ED /* ModifyPointsItemCell.swift in Sources */,
				4ED1A7FB1FFB74F70010CA4E /* EditPlayersTableViewCell.swift in Sources */,
				4ED1A7EA1FF8A5490010CA4E /* Player+CoreDataProperties.swift in Sources */,
				4EF890E01FFEED5800E42E36 /* GameTotalScoreCell.swift in Sources */,
				4E756E791FF83A7A00B9B37B /* ScoreBoard.xcdatamodeld in Sources */,
				4E4A3C9D209F8F9A001C3549 /* GameSectionHeader.swift in Sources */,
				4E723B212065618600877973 /* Game+CoreDataProperties.swift in Sources */,
				4EFF5C922000357A007AFD3F /* GameAddPointsCell.swift in Sources */,
				4E756E711FF83A7A00B9B37B /* AppDelegate.swift in Sources */,
				4E756EAB1FF8644B00B9B37B /* GameListTableViewCell.swift in Sources */,
				4E5CE10F1FFDFF2300AF889C /* GameLayout.swift in Sources */,
				4ED1A7E91FF8A5490010CA4E /* Player+CoreDataClass.swift in Sources */,
				4ED1A7E51FF8A5230010CA4E /* Game+CoreDataClass.swift in Sources */,
			);
			runOnlyForDeploymentPostprocessing = 0;
		};
		4E756E801FF83A7A00B9B37B /* Sources */ = {
			isa = PBXSourcesBuildPhase;
			buildActionMask = 2147483647;
			files = (
				4E756E891FF83A7A00B9B37B /* ScoreBoardTests.swift in Sources */,
			);
			runOnlyForDeploymentPostprocessing = 0;
		};
		4E756E8B1FF83A7A00B9B37B /* Sources */ = {
			isa = PBXSourcesBuildPhase;
			buildActionMask = 2147483647;
			files = (
				4E756E941FF83A7A00B9B37B /* ScoreBoardUITests.swift in Sources */,
			);
			runOnlyForDeploymentPostprocessing = 0;
		};
/* End PBXSourcesBuildPhase section */

/* Begin PBXTargetDependency section */
		4E756E861FF83A7A00B9B37B /* PBXTargetDependency */ = {
			isa = PBXTargetDependency;
			target = 4E756E6C1FF83A7A00B9B37B /* ScoreBoard */;
			targetProxy = 4E756E851FF83A7A00B9B37B /* PBXContainerItemProxy */;
		};
		4E756E911FF83A7A00B9B37B /* PBXTargetDependency */ = {
			isa = PBXTargetDependency;
			target = 4E756E6C1FF83A7A00B9B37B /* ScoreBoard */;
			targetProxy = 4E756E901FF83A7A00B9B37B /* PBXContainerItemProxy */;
		};
/* End PBXTargetDependency section */

/* Begin PBXVariantGroup section */
		4E756E741FF83A7A00B9B37B /* Main.storyboard */ = {
			isa = PBXVariantGroup;
			children = (
				4E756E751FF83A7A00B9B37B /* Base */,
			);
			name = Main.storyboard;
			sourceTree = "<group>";
		};
		4E756E7C1FF83A7A00B9B37B /* LaunchScreen.storyboard */ = {
			isa = PBXVariantGroup;
			children = (
				4E756E7D1FF83A7A00B9B37B /* Base */,
			);
			name = LaunchScreen.storyboard;
			sourceTree = "<group>";
		};
/* End PBXVariantGroup section */

/* Begin XCBuildConfiguration section */
		4E756E961FF83A7A00B9B37B /* Debug */ = {
			isa = XCBuildConfiguration;
			buildSettings = {
				ALWAYS_SEARCH_USER_PATHS = NO;
				CLANG_ANALYZER_NONNULL = YES;
				CLANG_ANALYZER_NUMBER_OBJECT_CONVERSION = YES_AGGRESSIVE;
				CLANG_CXX_LANGUAGE_STANDARD = "gnu++14";
				CLANG_CXX_LIBRARY = "libc++";
				CLANG_ENABLE_MODULES = YES;
				CLANG_ENABLE_OBJC_ARC = YES;
				CLANG_WARN_BLOCK_CAPTURE_AUTORELEASING = YES;
				CLANG_WARN_BOOL_CONVERSION = YES;
				CLANG_WARN_COMMA = YES;
				CLANG_WARN_CONSTANT_CONVERSION = YES;
				CLANG_WARN_DIRECT_OBJC_ISA_USAGE = YES_ERROR;
				CLANG_WARN_DOCUMENTATION_COMMENTS = YES;
				CLANG_WARN_EMPTY_BODY = YES;
				CLANG_WARN_ENUM_CONVERSION = YES;
				CLANG_WARN_INFINITE_RECURSION = YES;
				CLANG_WARN_INT_CONVERSION = YES;
				CLANG_WARN_NON_LITERAL_NULL_CONVERSION = YES;
				CLANG_WARN_OBJC_LITERAL_CONVERSION = YES;
				CLANG_WARN_OBJC_ROOT_CLASS = YES_ERROR;
				CLANG_WARN_RANGE_LOOP_ANALYSIS = YES;
				CLANG_WARN_STRICT_PROTOTYPES = YES;
				CLANG_WARN_SUSPICIOUS_MOVE = YES;
				CLANG_WARN_UNGUARDED_AVAILABILITY = YES_AGGRESSIVE;
				CLANG_WARN_UNREACHABLE_CODE = YES;
				CLANG_WARN__DUPLICATE_METHOD_MATCH = YES;
				CODE_SIGN_IDENTITY = "iPhone Developer";
				COPY_PHASE_STRIP = NO;
				DEBUG_INFORMATION_FORMAT = dwarf;
				ENABLE_STRICT_OBJC_MSGSEND = YES;
				ENABLE_TESTABILITY = YES;
				GCC_C_LANGUAGE_STANDARD = gnu11;
				GCC_DYNAMIC_NO_PIC = NO;
				GCC_NO_COMMON_BLOCKS = YES;
				GCC_OPTIMIZATION_LEVEL = 0;
				GCC_PREPROCESSOR_DEFINITIONS = (
					"DEBUG=1",
					"$(inherited)",
				);
				GCC_WARN_64_TO_32_BIT_CONVERSION = YES;
				GCC_WARN_ABOUT_RETURN_TYPE = YES_ERROR;
				GCC_WARN_UNDECLARED_SELECTOR = YES;
				GCC_WARN_UNINITIALIZED_AUTOS = YES_AGGRESSIVE;
				GCC_WARN_UNUSED_FUNCTION = YES;
				GCC_WARN_UNUSED_VARIABLE = YES;
				IPHONEOS_DEPLOYMENT_TARGET = 11.2;
				MTL_ENABLE_DEBUG_INFO = YES;
				ONLY_ACTIVE_ARCH = YES;
				SDKROOT = iphoneos;
				SWIFT_ACTIVE_COMPILATION_CONDITIONS = DEBUG;
				SWIFT_OPTIMIZATION_LEVEL = "-Onone";
			};
			name = Debug;
		};
		4E756E971FF83A7A00B9B37B /* Release */ = {
			isa = XCBuildConfiguration;
			buildSettings = {
				ALWAYS_SEARCH_USER_PATHS = NO;
				CLANG_ANALYZER_NONNULL = YES;
				CLANG_ANALYZER_NUMBER_OBJECT_CONVERSION = YES_AGGRESSIVE;
				CLANG_CXX_LANGUAGE_STANDARD = "gnu++14";
				CLANG_CXX_LIBRARY = "libc++";
				CLANG_ENABLE_MODULES = YES;
				CLANG_ENABLE_OBJC_ARC = YES;
				CLANG_WARN_BLOCK_CAPTURE_AUTORELEASING = YES;
				CLANG_WARN_BOOL_CONVERSION = YES;
				CLANG_WARN_COMMA = YES;
				CLANG_WARN_CONSTANT_CONVERSION = YES;
				CLANG_WARN_DIRECT_OBJC_ISA_USAGE = YES_ERROR;
				CLANG_WARN_DOCUMENTATION_COMMENTS = YES;
				CLANG_WARN_EMPTY_BODY = YES;
				CLANG_WARN_ENUM_CONVERSION = YES;
				CLANG_WARN_INFINITE_RECURSION = YES;
				CLANG_WARN_INT_CONVERSION = YES;
				CLANG_WARN_NON_LITERAL_NULL_CONVERSION = YES;
				CLANG_WARN_OBJC_LITERAL_CONVERSION = YES;
				CLANG_WARN_OBJC_ROOT_CLASS = YES_ERROR;
				CLANG_WARN_RANGE_LOOP_ANALYSIS = YES;
				CLANG_WARN_STRICT_PROTOTYPES = YES;
				CLANG_WARN_SUSPICIOUS_MOVE = YES;
				CLANG_WARN_UNGUARDED_AVAILABILITY = YES_AGGRESSIVE;
				CLANG_WARN_UNREACHABLE_CODE = YES;
				CLANG_WARN__DUPLICATE_METHOD_MATCH = YES;
				CODE_SIGN_IDENTITY = "iPhone Developer";
				COPY_PHASE_STRIP = NO;
				DEBUG_INFORMATION_FORMAT = "dwarf-with-dsym";
				ENABLE_NS_ASSERTIONS = NO;
				ENABLE_STRICT_OBJC_MSGSEND = YES;
				GCC_C_LANGUAGE_STANDARD = gnu11;
				GCC_NO_COMMON_BLOCKS = YES;
				GCC_WARN_64_TO_32_BIT_CONVERSION = YES;
				GCC_WARN_ABOUT_RETURN_TYPE = YES_ERROR;
				GCC_WARN_UNDECLARED_SELECTOR = YES;
				GCC_WARN_UNINITIALIZED_AUTOS = YES_AGGRESSIVE;
				GCC_WARN_UNUSED_FUNCTION = YES;
				GCC_WARN_UNUSED_VARIABLE = YES;
				IPHONEOS_DEPLOYMENT_TARGET = 11.2;
				MTL_ENABLE_DEBUG_INFO = NO;
				SDKROOT = iphoneos;
				SWIFT_OPTIMIZATION_LEVEL = "-Owholemodule";
				VALIDATE_PRODUCT = YES;
			};
			name = Release;
		};
		4E756E991FF83A7A00B9B37B /* Debug */ = {
			isa = XCBuildConfiguration;
			buildSettings = {
				ASSETCATALOG_COMPILER_APPICON_NAME = AppIcon;
				CODE_SIGN_STYLE = Automatic;
				DEVELOPMENT_TEAM = 35EMWLTBS3;
				INFOPLIST_FILE = "$(SRCROOT)/ScoreBoard/Resources/Info.plist";
				IPHONEOS_DEPLOYMENT_TARGET = 10.0;
				LD_RUNPATH_SEARCH_PATHS = "$(inherited) @executable_path/Frameworks";
				PRODUCT_BUNDLE_IDENTIFIER = GoudaLabs.ScoreBoard;
				PRODUCT_NAME = "$(TARGET_NAME)";
				SWIFT_VERSION = 4.0;
				TARGETED_DEVICE_FAMILY = "1,2";
			};
			name = Debug;
		};
		4E756E9A1FF83A7A00B9B37B /* Release */ = {
			isa = XCBuildConfiguration;
			buildSettings = {
				ASSETCATALOG_COMPILER_APPICON_NAME = AppIcon;
				CODE_SIGN_STYLE = Automatic;
				DEVELOPMENT_TEAM = 35EMWLTBS3;
				INFOPLIST_FILE = "$(SRCROOT)/ScoreBoard/Resources/Info.plist";
				IPHONEOS_DEPLOYMENT_TARGET = 10.0;
				LD_RUNPATH_SEARCH_PATHS = "$(inherited) @executable_path/Frameworks";
				PRODUCT_BUNDLE_IDENTIFIER = GoudaLabs.ScoreBoard;
				PRODUCT_NAME = "$(TARGET_NAME)";
				SWIFT_VERSION = 4.0;
				TARGETED_DEVICE_FAMILY = "1,2";
			};
			name = Release;
		};
		4E756E9C1FF83A7A00B9B37B /* Debug */ = {
			isa = XCBuildConfiguration;
			buildSettings = {
				ALWAYS_EMBED_SWIFT_STANDARD_LIBRARIES = YES;
				BUNDLE_LOADER = "$(TEST_HOST)";
				CODE_SIGN_STYLE = Automatic;
				INFOPLIST_FILE = ScoreBoardTests/Info.plist;
				LD_RUNPATH_SEARCH_PATHS = "$(inherited) @executable_path/Frameworks @loader_path/Frameworks";
				PRODUCT_BUNDLE_IDENTIFIER = GoudaLabs.ScoreBoardTests;
				PRODUCT_NAME = "$(TARGET_NAME)";
				SWIFT_VERSION = 4.0;
				TARGETED_DEVICE_FAMILY = "1,2";
				TEST_HOST = "$(BUILT_PRODUCTS_DIR)/ScoreBoard.app/ScoreBoard";
			};
			name = Debug;
		};
		4E756E9D1FF83A7A00B9B37B /* Release */ = {
			isa = XCBuildConfiguration;
			buildSettings = {
				ALWAYS_EMBED_SWIFT_STANDARD_LIBRARIES = YES;
				BUNDLE_LOADER = "$(TEST_HOST)";
				CODE_SIGN_STYLE = Automatic;
				INFOPLIST_FILE = ScoreBoardTests/Info.plist;
				LD_RUNPATH_SEARCH_PATHS = "$(inherited) @executable_path/Frameworks @loader_path/Frameworks";
				PRODUCT_BUNDLE_IDENTIFIER = GoudaLabs.ScoreBoardTests;
				PRODUCT_NAME = "$(TARGET_NAME)";
				SWIFT_VERSION = 4.0;
				TARGETED_DEVICE_FAMILY = "1,2";
				TEST_HOST = "$(BUILT_PRODUCTS_DIR)/ScoreBoard.app/ScoreBoard";
			};
			name = Release;
		};
		4E756E9F1FF83A7A00B9B37B /* Debug */ = {
			isa = XCBuildConfiguration;
			buildSettings = {
				ALWAYS_EMBED_SWIFT_STANDARD_LIBRARIES = YES;
				CODE_SIGN_STYLE = Automatic;
				INFOPLIST_FILE = ScoreBoardUITests/Info.plist;
				LD_RUNPATH_SEARCH_PATHS = "$(inherited) @executable_path/Frameworks @loader_path/Frameworks";
				PRODUCT_BUNDLE_IDENTIFIER = GoudaLabs.ScoreBoardUITests;
				PRODUCT_NAME = "$(TARGET_NAME)";
				SWIFT_VERSION = 4.0;
				TARGETED_DEVICE_FAMILY = "1,2";
				TEST_TARGET_NAME = ScoreBoard;
			};
			name = Debug;
		};
		4E756EA01FF83A7A00B9B37B /* Release */ = {
			isa = XCBuildConfiguration;
			buildSettings = {
				ALWAYS_EMBED_SWIFT_STANDARD_LIBRARIES = YES;
				CODE_SIGN_STYLE = Automatic;
				INFOPLIST_FILE = ScoreBoardUITests/Info.plist;
				LD_RUNPATH_SEARCH_PATHS = "$(inherited) @executable_path/Frameworks @loader_path/Frameworks";
				PRODUCT_BUNDLE_IDENTIFIER = GoudaLabs.ScoreBoardUITests;
				PRODUCT_NAME = "$(TARGET_NAME)";
				SWIFT_VERSION = 4.0;
				TARGETED_DEVICE_FAMILY = "1,2";
				TEST_TARGET_NAME = ScoreBoard;
			};
			name = Release;
		};
/* End XCBuildConfiguration section */

/* Begin XCConfigurationList section */
		4E756E681FF83A7A00B9B37B /* Build configuration list for PBXProject "ScoreBoard" */ = {
			isa = XCConfigurationList;
			buildConfigurations = (
				4E756E961FF83A7A00B9B37B /* Debug */,
				4E756E971FF83A7A00B9B37B /* Release */,
			);
			defaultConfigurationIsVisible = 0;
			defaultConfigurationName = Release;
		};
		4E756E981FF83A7A00B9B37B /* Build configuration list for PBXNativeTarget "ScoreBoard" */ = {
			isa = XCConfigurationList;
			buildConfigurations = (
				4E756E991FF83A7A00B9B37B /* Debug */,
				4E756E9A1FF83A7A00B9B37B /* Release */,
			);
			defaultConfigurationIsVisible = 0;
			defaultConfigurationName = Release;
		};
		4E756E9B1FF83A7A00B9B37B /* Build configuration list for PBXNativeTarget "ScoreBoardTests" */ = {
			isa = XCConfigurationList;
			buildConfigurations = (
				4E756E9C1FF83A7A00B9B37B /* Debug */,
				4E756E9D1FF83A7A00B9B37B /* Release */,
			);
			defaultConfigurationIsVisible = 0;
			defaultConfigurationName = Release;
		};
		4E756E9E1FF83A7A00B9B37B /* Build configuration list for PBXNativeTarget "ScoreBoardUITests" */ = {
			isa = XCConfigurationList;
			buildConfigurations = (
				4E756E9F1FF83A7A00B9B37B /* Debug */,
				4E756EA01FF83A7A00B9B37B /* Release */,
			);
			defaultConfigurationIsVisible = 0;
			defaultConfigurationName = Release;
		};
/* End XCConfigurationList section */

/* Begin XCVersionGroup section */
		4E756E771FF83A7A00B9B37B /* ScoreBoard.xcdatamodeld */ = {
			isa = XCVersionGroup;
			children = (
				4E756E781FF83A7A00B9B37B /* ScoreBoard.xcdatamodel */,
			);
			currentVersion = 4E756E781FF83A7A00B9B37B /* ScoreBoard.xcdatamodel */;
			path = ScoreBoard.xcdatamodeld;
			sourceTree = "<group>";
			versionGroupType = wrapper.xcdatamodel;
		};
/* End XCVersionGroup section */
	};
	rootObject = 4E756E651FF83A7A00B9B37B /* Project object */;
}
